
Microsoft Visual Studio Solution File, Format Version 12.00
# Visual Studio Version 17
VisualStudioVersion = 17.14.36811.4 d17.14
MinimumVisualStudioVersion = 10.0.40219.1
Project("{FAE04EC0-301F-11D3-BF4B-00C04F79EFBC}") = "Pr17", "Pr17\Pr17.csproj", "{41C63C1A-44AA-476A-88C2-C4A457CC45AA}"
EndProject
Global
	GlobalSection(SolutionConfigurationPlatforms) = preSolution
		Debug|Any CPU = Debug|Any CPU
		Release|Any CPU = Release|Any CPU
	EndGlobalSection
	GlobalSection(ProjectConfigurationPlatforms) = postSolution
		{41C63C1A-44AA-476A-88C2-C4A457CC45AA}.Debug|Any CPU.ActiveCfg = Debug|Any CPU
		{41C63C1A-44AA-476A-88C2-C4A457CC45AA}.Debug|Any CPU.Build.0 = Debug|Any CPU
		{41C63C1A-44AA-476A-88C2-C4A457CC45AA}.Release|Any CPU.ActiveCfg = Release|Any CPU
		{41C63C1A-44AA-476A-88C2-C4A457CC45AA}.Release|Any CPU.Build.0 = Release|Any CPU
	EndGlobalSection
	GlobalSection(SolutionProperties) = preSolution
		HideSolutionNode = FALSE
	EndGlobalSection
	GlobalSection(ExtensibilityGlobals) = postSolution
		SolutionGuid = {E122AEC8-4373-43C2-A5B2-43727EF4BC33}
	EndGlobalSection
EndGlobal
